
Microsoft Visual Studio Solution File, Format Version 12.00
# Visual Studio Version 17
VisualStudioVersion = 17.11.35327.3
MinimumVisualStudioVersion = 10.0.40219.1
Project("{FAE04EC0-301F-11D3-BF4B-00C04F79EFBC}") = "testVITTA", "testVITTA\testVITTA.csproj", "{E0952E1E-1579-403B-8C18-F8A319176D80}"
EndProject
Global
	GlobalSection(SolutionConfigurationPlatforms) = preSolution
		Debug|Any CPU = Debug|Any CPU
		Release|Any CPU = Release|Any CPU
	EndGlobalSection
	GlobalSection(ProjectConfigurationPlatforms) = postSolution
		{E0952E1E-1579-403B-8C18-F8A319176D80}.Debug|Any CPU.ActiveCfg = Debug|Any CPU
		{E0952E1E-1579-403B-8C18-F8A319176D80}.Debug|Any CPU.Build.0 = Debug|Any CPU
		{E0952E1E-1579-403B-8C18-F8A319176D80}.Release|Any CPU.ActiveCfg = Release|Any CPU
		{E0952E1E-1579-403B-8C18-F8A319176D80}.Release|Any CPU.Build.0 = Release|Any CPU
	EndGlobalSection
	GlobalSection(SolutionProperties) = preSolution
		HideSolutionNode = FALSE
	EndGlobalSection
	GlobalSection(ExtensibilityGlobals) = postSolution
		SolutionGuid = {7CE2F384-6DE0-440D-9E16-A70647F373C9}
	EndGlobalSection
EndGlobal
